
Microsoft Visual Studio Solution File, Format Version 12.00
# Visual Studio Version 17
VisualStudioVersion = 17.5.002.0
MinimumVisualStudioVersion = 10.0.40219.1
Project("{9A19103F-16F7-4668-BE54-9A1E7A4F7556}") = "Part5Exam", "Part5Exam.csproj", "{EC0EE17A-69F1-43B0-B140-E83A1DF94B10}"
EndProject
Global
	GlobalSection(SolutionConfigurationPlatforms) = preSolution
		Debug|Any CPU = Debug|Any CPU
		Release|Any CPU = Release|Any CPU
	EndGlobalSection
	GlobalSection(ProjectConfigurationPlatforms) = postSolution
		{EC0EE17A-69F1-43B0-B140-E83A1DF94B10}.Debug|Any CPU.ActiveCfg = Debug|Any CPU
		{EC0EE17A-69F1-43B0-B140-E83A1DF94B10}.Debug|Any CPU.Build.0 = Debug|Any CPU
		{EC0EE17A-69F1-43B0-B140-E83A1DF94B10}.Release|Any CPU.ActiveCfg = Release|Any CPU
		{EC0EE17A-69F1-43B0-B140-E83A1DF94B10}.Release|Any CPU.Build.0 = Release|Any CPU
	EndGlobalSection
	GlobalSection(SolutionProperties) = preSolution
		HideSolutionNode = FALSE
	EndGlobalSection
	GlobalSection(ExtensibilityGlobals) = postSolution
		SolutionGuid = {785343CF-BAAA-425F-A2E9-68099EBE7C58}
	EndGlobalSection
EndGlobal
